// !$*UTF8*$!
{
	archiveVersion = 1;
	classes = {
	};
	objectVersion = 46;
	objects = {

/* Begin PBXBuildFile section */
		238EFBD41C30CBEB0099DDED /* AppDelegate.swift in Sources */ = {isa = PBXBuildFile; fileRef = 238EFBD31C30CBEB0099DDED /* AppDelegate.swift */; };
		238EFBD91C30CBEB0099DDED /* Main.storyboard in Resources */ = {isa = PBXBuildFile; fileRef = 238EFBD71C30CBEB0099DDED /* Main.storyboard */; };
		238EFBDB1C30CBEB0099DDED /* Images.xcassets in Resources */ = {isa = PBXBuildFile; fileRef = 238EFBDA1C30CBEB0099DDED /* Images.xcassets */; };
		238EFBDE1C30CBEB0099DDED /* LaunchScreen.xib in Resources */ = {isa = PBXBuildFile; fileRef = 238EFBDC1C30CBEB0099DDED /* LaunchScreen.xib */; };
		238EFBEA1C30CBEB0099DDED /* Cuisine_GodTests.swift in Sources */ = {isa = PBXBuildFile; fileRef = 238EFBE91C30CBEB0099DDED /* Cuisine_GodTests.swift */; };
		238EFBF41C312B1B0099DDED /* LoginViewController.swift in Sources */ = {isa = PBXBuildFile; fileRef = 238EFBF31C312B1B0099DDED /* LoginViewController.swift */; };
		238EFBFC1C31411F0099DDED /* FriendsTimelineTableViewController.swift in Sources */ = {isa = PBXBuildFile; fileRef = 238EFBFB1C31411F0099DDED /* FriendsTimelineTableViewController.swift */; };
		238EFBFE1C31417B0099DDED /* RegisterViewController.swift in Sources */ = {isa = PBXBuildFile; fileRef = 238EFBFD1C31417B0099DDED /* RegisterViewController.swift */; };
		238EFC001C33564B0099DDED /* POST.swift in Sources */ = {isa = PBXBuildFile; fileRef = 238EFBFF1C33564B0099DDED /* POST.swift */; };
		BB7660391C33AA3500850850 /* IDGenerator.swift in Sources */ = {isa = PBXBuildFile; fileRef = BB7660381C33AA3500850850 /* IDGenerator.swift */; };
		BB76603B1C33C0C500850850 /* InputValidation.swift in Sources */ = {isa = PBXBuildFile; fileRef = BB76603A1C33C0C500850850 /* InputValidation.swift */; };
/* End PBXBuildFile section */

/* Begin PBXContainerItemProxy section */
		238EFBE41C30CBEB0099DDED /* PBXContainerItemProxy */ = {
			isa = PBXContainerItemProxy;
			containerPortal = 238EFBC61C30CBEB0099DDED /* Project object */;
			proxyType = 1;
			remoteGlobalIDString = 238EFBCD1C30CBEB0099DDED;
			remoteInfo = "Cuisine-God";
		};
/* End PBXContainerItemProxy section */

/* Begin PBXFileReference section */
		238EFBCE1C30CBEB0099DDED /* Cuisine-God.app */ = {isa = PBXFileReference; explicitFileType = wrapper.application; includeInIndex = 0; path = "Cuisine-God.app"; sourceTree = BUILT_PRODUCTS_DIR; };
		238EFBD21C30CBEB0099DDED /* Info.plist */ = {isa = PBXFileReference; lastKnownFileType = text.plist.xml; path = Info.plist; sourceTree = "<group>"; };
		238EFBD31C30CBEB0099DDED /* AppDelegate.swift */ = {isa = PBXFileReference; lastKnownFileType = sourcecode.swift; path = AppDelegate.swift; sourceTree = "<group>"; };
		238EFBD81C30CBEB0099DDED /* Base */ = {isa = PBXFileReference; lastKnownFileType = file.storyboard; name = Base; path = Base.lproj/Main.storyboard; sourceTree = "<group>"; };
		238EFBDA1C30CBEB0099DDED /* Images.xcassets */ = {isa = PBXFileReference; lastKnownFileType = folder.assetcatalog; path = Images.xcassets; sourceTree = "<group>"; };
		238EFBDD1C30CBEB0099DDED /* Base */ = {isa = PBXFileReference; lastKnownFileType = file.xib; name = Base; path = Base.lproj/LaunchScreen.xib; sourceTree = "<group>"; };
		238EFBE31C30CBEB0099DDED /* Cuisine-GodTests.xctest */ = {isa = PBXFileReference; explicitFileType = wrapper.cfbundle; includeInIndex = 0; path = "Cuisine-GodTests.xctest"; sourceTree = BUILT_PRODUCTS_DIR; };
		238EFBE81C30CBEB0099DDED /* Info.plist */ = {isa = PBXFileReference; lastKnownFileType = text.plist.xml; path = Info.plist; sourceTree = "<group>"; };
		238EFBE91C30CBEB0099DDED /* Cuisine_GodTests.swift */ = {isa = PBXFileReference; lastKnownFileType = sourcecode.swift; path = Cuisine_GodTests.swift; sourceTree = "<group>"; };
		238EFBF31C312B1B0099DDED /* LoginViewController.swift */ = {isa = PBXFileReference; fileEncoding = 4; lastKnownFileType = sourcecode.swift; path = LoginViewController.swift; sourceTree = "<group>"; };
		238EFBFB1C31411F0099DDED /* FriendsTimelineTableViewController.swift */ = {isa = PBXFileReference; fileEncoding = 4; lastKnownFileType = sourcecode.swift; path = FriendsTimelineTableViewController.swift; sourceTree = "<group>"; };
		238EFBFD1C31417B0099DDED /* RegisterViewController.swift */ = {isa = PBXFileReference; fileEncoding = 4; lastKnownFileType = sourcecode.swift; path = RegisterViewController.swift; sourceTree = "<group>"; };
		238EFBFF1C33564B0099DDED /* POST.swift */ = {isa = PBXFileReference; fileEncoding = 4; lastKnownFileType = sourcecode.swift; path = POST.swift; sourceTree = "<group>"; };
		BB7660381C33AA3500850850 /* IDGenerator.swift */ = {isa = PBXFileReference; fileEncoding = 4; lastKnownFileType = sourcecode.swift; path = IDGenerator.swift; sourceTree = "<group>"; };
		BB76603A1C33C0C500850850 /* InputValidation.swift */ = {isa = PBXFileReference; fileEncoding = 4; lastKnownFileType = sourcecode.swift; path = InputValidation.swift; sourceTree = "<group>"; };
/* End PBXFileReference section */

/* Begin PBXFrameworksBuildPhase section */
		238EFBCB1C30CBEB0099DDED /* Frameworks */ = {
			isa = PBXFrameworksBuildPhase;
			buildActionMask = 2147483647;
			files = (
			);
			runOnlyForDeploymentPostprocessing = 0;
		};
		238EFBE01C30CBEB0099DDED /* Frameworks */ = {
			isa = PBXFrameworksBuildPhase;
			buildActionMask = 2147483647;
			files = (
			);
			runOnlyForDeploymentPostprocessing = 0;
		};
/* End PBXFrameworksBuildPhase section */

/* Begin PBXGroup section */
		238EFBC51C30CBEB0099DDED = {
			isa = PBXGroup;
			children = (
				238EFBD01C30CBEB0099DDED /* Cuisine-God */,
				238EFBE61C30CBEB0099DDED /* Cuisine-GodTests */,
				238EFBCF1C30CBEB0099DDED /* Products */,
			);
			sourceTree = "<group>";
		};
		238EFBCF1C30CBEB0099DDED /* Products */ = {
			isa = PBXGroup;
			children = (
				238EFBCE1C30CBEB0099DDED /* Cuisine-God.app */,
				238EFBE31C30CBEB0099DDED /* Cuisine-GodTests.xctest */,
			);
			name = Products;
			sourceTree = "<group>";
		};
		238EFBD01C30CBEB0099DDED /* Cuisine-God */ = {
			isa = PBXGroup;
			children = (
				BB7660371C33A9EB00850850 /* model */,
				238EFBFB1C31411F0099DDED /* FriendsTimelineTableViewController.swift */,
				238EFBFD1C31417B0099DDED /* RegisterViewController.swift */,
				238EFBF31C312B1B0099DDED /* LoginViewController.swift */,
				238EFBD71C30CBEB0099DDED /* Main.storyboard */,
				238EFBD11C30CBEB0099DDED /* Supporting Files */,
			);
			path = "Cuisine-God";
			sourceTree = "<group>";
		};
		238EFBD11C30CBEB0099DDED /* Supporting Files */ = {
			isa = PBXGroup;
			children = (
				238EFBD31C30CBEB0099DDED /* AppDelegate.swift */,
				238EFBDA1C30CBEB0099DDED /* Images.xcassets */,
				238EFBDC1C30CBEB0099DDED /* LaunchScreen.xib */,
				238EFBD21C30CBEB0099DDED /* Info.plist */,
			);
			name = "Supporting Files";
			sourceTree = "<group>";
		};
		238EFBE61C30CBEB0099DDED /* Cuisine-GodTests */ = {
			isa = PBXGroup;
			children = (
				238EFBE91C30CBEB0099DDED /* Cuisine_GodTests.swift */,
				238EFBE71C30CBEB0099DDED /* Supporting Files */,
			);
			path = "Cuisine-GodTests";
			sourceTree = "<group>";
		};
		238EFBE71C30CBEB0099DDED /* Supporting Files */ = {
			isa = PBXGroup;
			children = (
				238EFBE81C30CBEB0099DDED /* Info.plist */,
			);
			name = "Supporting Files";
			sourceTree = "<group>";
		};
		BB7660371C33A9EB00850850 /* model */ = {
			isa = PBXGroup;
			children = (
				238EFBFF1C33564B0099DDED /* POST.swift */,
				BB7660381C33AA3500850850 /* IDGenerator.swift */,
				BB76603A1C33C0C500850850 /* InputValidation.swift */,
			);
			name = model;
			sourceTree = "<group>";
		};
/* End PBXGroup section */

/* Begin PBXNativeTarget section */
		238EFBCD1C30CBEB0099DDED /* Cuisine-God */ = {
			isa = PBXNativeTarget;
			buildConfigurationList = 238EFBED1C30CBEB0099DDED /* Build configuration list for PBXNativeTarget "Cuisine-God" */;
			buildPhases = (
				238EFBCA1C30CBEB0099DDED /* Sources */,
				238EFBCB1C30CBEB0099DDED /* Frameworks */,
				238EFBCC1C30CBEB0099DDED /* Resources */,
			);
			buildRules = (
			);
			dependencies = (
			);
			name = "Cuisine-God";
			productName = "Cuisine-God";
			productReference = 238EFBCE1C30CBEB0099DDED /* Cuisine-God.app */;
			productType = "com.apple.product-type.application";
		};
		238EFBE21C30CBEB0099DDED /* Cuisine-GodTests */ = {
			isa = PBXNativeTarget;
			buildConfigurationList = 238EFBF01C30CBEB0099DDED /* Build configuration list for PBXNativeTarget "Cuisine-GodTests" */;
			buildPhases = (
				238EFBDF1C30CBEB0099DDED /* Sources */,
				238EFBE01C30CBEB0099DDED /* Frameworks */,
				238EFBE11C30CBEB0099DDED /* Resources */,
			);
			buildRules = (
			);
			dependencies = (
				238EFBE51C30CBEB0099DDED /* PBXTargetDependency */,
			);
			name = "Cuisine-GodTests";
			productName = "Cuisine-GodTests";
			productReference = 238EFBE31C30CBEB0099DDED /* Cuisine-GodTests.xctest */;
			productType = "com.apple.product-type.bundle.unit-test";
		};
/* End PBXNativeTarget section */

/* Begin PBXProject section */
		238EFBC61C30CBEB0099DDED /* Project object */ = {
			isa = PBXProject;
			attributes = {
				LastSwiftMigration = 0720;
				LastSwiftUpdateCheck = 0720;
				LastUpgradeCheck = 0720;
				ORGANIZATIONNAME = "JI LU";
				TargetAttributes = {
					238EFBCD1C30CBEB0099DDED = {
						CreatedOnToolsVersion = 6.4;
					};
					238EFBE21C30CBEB0099DDED = {
						CreatedOnToolsVersion = 6.4;
						TestTargetID = 238EFBCD1C30CBEB0099DDED;
					};
				};
			};
			buildConfigurationList = 238EFBC91C30CBEB0099DDED /* Build configuration list for PBXProject "Cuisine-God" */;
			compatibilityVersion = "Xcode 3.2";
			developmentRegion = English;
			hasScannedForEncodings = 0;
			knownRegions = (
				en,
				Base,
			);
			mainGroup = 238EFBC51C30CBEB0099DDED;
			productRefGroup = 238EFBCF1C30CBEB0099DDED /* Products */;
			projectDirPath = "";
			projectRoot = "";
			targets = (
				238EFBCD1C30CBEB0099DDED /* Cuisine-God */,
				238EFBE21C30CBEB0099DDED /* Cuisine-GodTests */,
			);
		};
/* End PBXProject section */

/* Begin PBXResourcesBuildPhase section */
		238EFBCC1C30CBEB0099DDED /* Resources */ = {
			isa = PBXResourcesBuildPhase;
			buildActionMask = 2147483647;
			files = (
				238EFBD91C30CBEB0099DDED /* Main.storyboard in Resources */,
				238EFBDE1C30CBEB0099DDED /* LaunchScreen.xib in Resources */,
				238EFBDB1C30CBEB0099DDED /* Images.xcassets in Resources */,
			);
			runOnlyForDeploymentPostprocessing = 0;
		};
		238EFBE11C30CBEB0099DDED /* Resources */ = {
			isa = PBXResourcesBuildPhase;
			buildActionMask = 2147483647;
			files = (
			);
			runOnlyForDeploymentPostprocessing = 0;
		};
/* End PBXResourcesBuildPhase section */

/* Begin PBXSourcesBuildPhase section */
		238EFBCA1C30CBEB0099DDED /* Sources */ = {
			isa = PBXSourcesBuildPhase;
			buildActionMask = 2147483647;
			files = (
				BB7660391C33AA3500850850 /* IDGenerator.swift in Sources */,
				BB76603B1C33C0C500850850 /* InputValidation.swift in Sources */,
				238EFC001C33564B0099DDED /* POST.swift in Sources */,
				238EFBF41C312B1B0099DDED /* LoginViewController.swift in Sources */,
				238EFBFE1C31417B0099DDED /* RegisterViewController.swift in Sources */,
				238EFBD41C30CBEB0099DDED /* AppDelegate.swift in Sources */,
				238EFBFC1C31411F0099DDED /* FriendsTimelineTableViewController.swift in Sources */,
			);
			runOnlyForDeploymentPostprocessing = 0;
		};
		238EFBDF1C30CBEB0099DDED /* Sources */ = {
			isa = PBXSourcesBuildPhase;
			buildActionMask = 2147483647;
			files = (
				238EFBEA1C30CBEB0099DDED /* Cuisine_GodTests.swift in Sources */,
			);
			runOnlyForDeploymentPostprocessing = 0;
		};
/* End PBXSourcesBuildPhase section */

/* Begin PBXTargetDependency section */
		238EFBE51C30CBEB0099DDED /* PBXTargetDependency */ = {
			isa = PBXTargetDependency;
			target = 238EFBCD1C30CBEB0099DDED /* Cuisine-God */;
			targetProxy = 238EFBE41C30CBEB0099DDED /* PBXContainerItemProxy */;
		};
/* End PBXTargetDependency section */

/* Begin PBXVariantGroup section */
		238EFBD71C30CBEB0099DDED /* Main.storyboard */ = {
			isa = PBXVariantGroup;
			children = (
				238EFBD81C30CBEB0099DDED /* Base */,
			);
			name = Main.storyboard;
			sourceTree = "<group>";
		};
		238EFBDC1C30CBEB0099DDED /* LaunchScreen.xib */ = {
			isa = PBXVariantGroup;
			children = (
				238EFBDD1C30CBEB0099DDED /* Base */,
			);
			name = LaunchScreen.xib;
			sourceTree = "<group>";
		};
/* End PBXVariantGroup section */

/* Begin XCBuildConfiguration section */
		238EFBEB1C30CBEB0099DDED /* Debug */ = {
			isa = XCBuildConfiguration;
			buildSettings = {
				ALWAYS_SEARCH_USER_PATHS = NO;
				CLANG_CXX_LANGUAGE_STANDARD = "gnu++0x";
				CLANG_CXX_LIBRARY = "libc++";
				CLANG_ENABLE_MODULES = YES;
				CLANG_ENABLE_OBJC_ARC = YES;
				CLANG_WARN_BOOL_CONVERSION = YES;
				CLANG_WARN_CONSTANT_CONVERSION = YES;
				CLANG_WARN_DIRECT_OBJC_ISA_USAGE = YES_ERROR;
				CLANG_WARN_EMPTY_BODY = YES;
				CLANG_WARN_ENUM_CONVERSION = YES;
				CLANG_WARN_INT_CONVERSION = YES;
				CLANG_WARN_OBJC_ROOT_CLASS = YES_ERROR;
				CLANG_WARN_UNREACHABLE_CODE = YES;
				CLANG_WARN__DUPLICATE_METHOD_MATCH = YES;
				"CODE_SIGN_IDENTITY[sdk=iphoneos*]" = "iPhone Developer";
				COPY_PHASE_STRIP = NO;
				DEBUG_INFORMATION_FORMAT = "dwarf-with-dsym";
				ENABLE_STRICT_OBJC_MSGSEND = YES;
				ENABLE_TESTABILITY = YES;
				GCC_C_LANGUAGE_STANDARD = gnu99;
				GCC_DYNAMIC_NO_PIC = NO;
				GCC_NO_COMMON_BLOCKS = YES;
				GCC_OPTIMIZATION_LEVEL = 0;
				GCC_PREPROCESSOR_DEFINITIONS = (
					"DEBUG=1",
					"$(inherited)",
				);
				GCC_SYMBOLS_PRIVATE_EXTERN = NO;
				GCC_WARN_64_TO_32_BIT_CONVERSION = YES;
				GCC_WARN_ABOUT_RETURN_TYPE = YES_ERROR;
				GCC_WARN_UNDECLARED_SELECTOR = YES;
				GCC_WARN_UNINITIALIZED_AUTOS = YES_AGGRESSIVE;
				GCC_WARN_UNUSED_FUNCTION = YES;
				GCC_WARN_UNUSED_VARIABLE = YES;
				IPHONEOS_DEPLOYMENT_TARGET = 8.4;
				MTL_ENABLE_DEBUG_INFO = YES;
				ONLY_ACTIVE_ARCH = YES;
				SDKROOT = iphoneos;
				SWIFT_OPTIMIZATION_LEVEL = "-Onone";
				TARGETED_DEVICE_FAMILY = "1,2";
			};
			name = Debug;
		};
		238EFBEC1C30CBEB0099DDED /* Release */ = {
			isa = XCBuildConfiguration;
			buildSettings = {
				ALWAYS_SEARCH_USER_PATHS = NO;
				CLANG_CXX_LANGUAGE_STANDARD = "gnu++0x";
				CLANG_CXX_LIBRARY = "libc++";
				CLANG_ENABLE_MODULES = YES;
				CLANG_ENABLE_OBJC_ARC = YES;
				CLANG_WARN_BOOL_CONVERSION = YES;
				CLANG_WARN_CONSTANT_CONVERSION = YES;
				CLANG_WARN_DIRECT_OBJC_ISA_USAGE = YES_ERROR;
				CLANG_WARN_EMPTY_BODY = YES;
				CLANG_WARN_ENUM_CONVERSION = YES;
				CLANG_WARN_INT_CONVERSION = YES;
				CLANG_WARN_OBJC_ROOT_CLASS = YES_ERROR;
				CLANG_WARN_UNREACHABLE_CODE = YES;
				CLANG_WARN__DUPLICATE_METHOD_MATCH = YES;
				"CODE_SIGN_IDENTITY[sdk=iphoneos*]" = "iPhone Developer";
				COPY_PHASE_STRIP = NO;
				DEBUG_INFORMATION_FORMAT = "dwarf-with-dsym";
				ENABLE_NS_ASSERTIONS = NO;
				ENABLE_STRICT_OBJC_MSGSEND = YES;
				GCC_C_LANGUAGE_STANDARD = gnu99;
				GCC_NO_COMMON_BLOCKS = YES;
				GCC_WARN_64_TO_32_BIT_CONVERSION = YES;
				GCC_WARN_ABOUT_RETURN_TYPE = YES_ERROR;
				GCC_WARN_UNDECLARED_SELECTOR = YES;
				GCC_WARN_UNINITIALIZED_AUTOS = YES_AGGRESSIVE;
				GCC_WARN_UNUSED_FUNCTION = YES;
				GCC_WARN_UNUSED_VARIABLE = YES;
				IPHONEOS_DEPLOYMENT_TARGET = 8.4;
				MTL_ENABLE_DEBUG_INFO = NO;
				SDKROOT = iphoneos;
				TARGETED_DEVICE_FAMILY = "1,2";
				VALIDATE_PRODUCT = YES;
			};
			name = Release;
		};
		238EFBEE1C30CBEB0099DDED /* Debug */ = {
			isa = XCBuildConfiguration;
			buildSettings = {
				ASSETCATALOG_COMPILER_APPICON_NAME = AppIcon;
				INFOPLIST_FILE = "Cuisine-God/Info.plist";
				LD_RUNPATH_SEARCH_PATHS = "$(inherited) @executable_path/Frameworks";
				PRODUCT_BUNDLE_IDENTIFIER = "Jake-Lu.$(PRODUCT_NAME:rfc1034identifier)";
				PRODUCT_NAME = "$(TARGET_NAME)";
			};
			name = Debug;
		};
		238EFBEF1C30CBEB0099DDED /* Release */ = {
			isa = XCBuildConfiguration;
			buildSettings = {
				ASSETCATALOG_COMPILER_APPICON_NAME = AppIcon;
				INFOPLIST_FILE = "Cuisine-God/Info.plist";
				LD_RUNPATH_SEARCH_PATHS = "$(inherited) @executable_path/Frameworks";
				PRODUCT_BUNDLE_IDENTIFIER = "Jake-Lu.$(PRODUCT_NAME:rfc1034identifier)";
				PRODUCT_NAME = "$(TARGET_NAME)";
			};
			name = Release;
		};
		238EFBF11C30CBEB0099DDED /* Debug */ = {
			isa = XCBuildConfiguration;
			buildSettings = {
				BUNDLE_LOADER = "$(TEST_HOST)";
				FRAMEWORK_SEARCH_PATHS = (
					"$(SDKROOT)/Developer/Library/Frameworks",
					"$(inherited)",
				);
				GCC_PREPROCESSOR_DEFINITIONS = (
					"DEBUG=1",
					"$(inherited)",
				);
				INFOPLIST_FILE = "Cuisine-GodTests/Info.plist";
				LD_RUNPATH_SEARCH_PATHS = "$(inherited) @executable_path/Frameworks @loader_path/Frameworks";
				PRODUCT_BUNDLE_IDENTIFIER = "Jake-Lu.$(PRODUCT_NAME:rfc1034identifier)";
				PRODUCT_NAME = "$(TARGET_NAME)";
				TEST_HOST = "$(BUILT_PRODUCTS_DIR)/Cuisine-God.app/Cuisine-God";
			};
			name = Debug;
		};
		238EFBF21C30CBEB0099DDED /* Release */ = {
			isa = XCBuildConfiguration;
			buildSettings = {
				BUNDLE_LOADER = "$(TEST_HOST)";
				FRAMEWORK_SEARCH_PATHS = (
					"$(SDKROOT)/Developer/Library/Frameworks",
					"$(inherited)",
				);
				INFOPLIST_FILE = "Cuisine-GodTests/Info.plist";
				LD_RUNPATH_SEARCH_PATHS = "$(inherited) @executable_path/Frameworks @loader_path/Frameworks";
				PRODUCT_BUNDLE_IDENTIFIER = "Jake-Lu.$(PRODUCT_NAME:rfc1034identifier)";
				PRODUCT_NAME = "$(TARGET_NAME)";
				TEST_HOST = "$(BUILT_PRODUCTS_DIR)/Cuisine-God.app/Cuisine-God";
			};
			name = Release;
		};
/* End XCBuildConfiguration section */

/* Begin XCConfigurationList section */
		238EFBC91C30CBEB0099DDED /* Build configuration list for PBXProject "Cuisine-God" */ = {
			isa = XCConfigurationList;
			buildConfigurations = (
				238EFBEB1C30CBEB0099DDED /* Debug */,
				238EFBEC1C30CBEB0099DDED /* Release */,
			);
			defaultConfigurationIsVisible = 0;
			defaultConfigurationName = Release;
		};
		238EFBED1C30CBEB0099DDED /* Build configuration list for PBXNativeTarget "Cuisine-God" */ = {
			isa = XCConfigurationList;
			buildConfigurations = (
				238EFBEE1C30CBEB0099DDED /* Debug */,
				238EFBEF1C30CBEB0099DDED /* Release */,
			);
			defaultConfigurationIsVisible = 0;
			defaultConfigurationName = Release;
		};
		238EFBF01C30CBEB0099DDED /* Build configuration list for PBXNativeTarget "Cuisine-GodTests" */ = {
			isa = XCConfigurationList;
			buildConfigurations = (
				238EFBF11C30CBEB0099DDED /* Debug */,
				238EFBF21C30CBEB0099DDED /* Release */,
			);
			defaultConfigurationIsVisible = 0;
			defaultConfigurationName = Release;
		};
/* End XCConfigurationList section */
	};
	rootObject = 238EFBC61C30CBEB0099DDED /* Project object */;
}
